# generated by rye
# use `rye lock` or `rye sync` to update this lockfile
#
# last locked with the following flags:
#   pre: false
#   features: []
#   all-features: false
#   with-sources: false
#   generate-hashes: false
#   universal: false

-e file:.
absl-py==2.3.0
    # via brax
    # via chex
    # via distrax
    # via dm-control
    # via dm-env
    # via dm-tree
    # via labmaze
    # via ml-collections
    # via mujoco
    # via mujoco-mjx
    # via optax
    # via orbax-checkpoint
    # via tensorflow-probability
annotated-types==0.7.0
    # via pydantic
antlr4-python3-runtime==4.9.3
    # via hydra-core
    # via omegaconf
attrs==25.3.0
    # via dm-tree
blinker==1.9.0
    # via flask
brax==0.12.4
    # via mad-td
certifi==2025.6.15
    # via requests
    # via sentry-sdk
charset-normalizer==3.4.2
    # via requests
chex==0.1.89
    # via distrax
    # via optax
click==8.2.1
    # via flask
    # via wandb
cloudpickle==3.1.1
    # via gymnasium
    # via tensorflow-probability
contourpy==1.3.2
    # via matplotlib
cycler==0.12.1
    # via matplotlib
decorator==5.2.1
    # via tensorflow-probability
distrax==0.1.5
    # via mad-td
dm-control==1.0.31
    # via mad-td
dm-env==1.6
    # via dm-control
dm-tree==0.1.9
    # via dm-control
    # via dm-env
    # via tensorflow-probability
etils==1.12.2
    # via brax
    # via mujoco
    # via mujoco-mjx
    # via orbax-checkpoint
farama-notifications==0.0.4
    # via gymnasium
flask==3.1.1
    # via brax
    # via flask-cors
flask-cors==6.0.1
    # via brax
flax==0.10.6
    # via brax
    # via gymnax
    # via mad-td
fonttools==4.58.4
    # via matplotlib
fsspec==2025.5.1
    # via etils
gast==0.6.0
    # via tensorflow-probability
gitdb==4.0.12
    # via gitpython
gitpython==3.1.44
    # via wandb
glfw==2.9.0
    # via dm-control
    # via mujoco
gymnasium==1.1.1
    # via gymnax
    # via mad-td
gymnax==0.0.9
    # via mad-td
humanize==4.12.3
    # via orbax-checkpoint
hydra-core==1.3.2
    # via mad-td
idna==3.10
    # via requests
imageio==2.14.1
    # via mad-td
importlib-resources==6.5.2
    # via etils
itsdangerous==2.2.0
    # via flask
jax==0.6.1
    # via brax
    # via chex
    # via distrax
    # via flax
    # via gymnax
    # via jaxopt
    # via mujoco-mjx
    # via optax
    # via orbax-checkpoint
jaxlib==0.6.1
    # via brax
    # via chex
    # via distrax
    # via jax
    # via jaxopt
    # via mujoco-mjx
    # via optax
jaxopt==0.8.5
    # via brax
jinja2==3.1.6
    # via brax
    # via flask
kiwisolver==1.4.8
    # via matplotlib
labmaze==1.0.6
    # via dm-control
lxml==5.4.0
    # via dm-control
markdown-it-py==3.0.0
    # via rich
markupsafe==3.0.2
    # via flask
    # via jinja2
    # via werkzeug
matplotlib==3.10.3
    # via gymnax
    # via seaborn
mdurl==0.1.2
    # via markdown-it-py
ml-collections==1.1.0
    # via brax
ml-dtypes==0.5.1
    # via jax
    # via jaxlib
    # via tensorstore
msgpack==1.1.1
    # via flax
    # via orbax-checkpoint
mujoco==3.3.3
    # via brax
    # via dm-control
    # via mujoco-mjx
mujoco-mjx==3.3.3
    # via brax
nest-asyncio==1.6.0
    # via orbax-checkpoint
numpy==2.3.0
    # via brax
    # via chex
    # via contourpy
    # via distrax
    # via dm-control
    # via dm-env
    # via dm-tree
    # via flax
    # via gymnasium
    # via imageio
    # via jax
    # via jaxlib
    # via jaxopt
    # via labmaze
    # via matplotlib
    # via ml-dtypes
    # via mujoco
    # via optax
    # via orbax-checkpoint
    # via pandas
    # via scipy
    # via seaborn
    # via tensorboardx
    # via tensorflow-probability
    # via tensorstore
    # via treescope
    # via trimesh
omegaconf==2.3.0
    # via hydra-core
opt-einsum==3.4.0
    # via jax
optax==0.2.5
    # via brax
    # via flax
    # via mad-td
orbax-checkpoint==0.11.15
    # via brax
    # via flax
packaging==25.0
    # via hydra-core
    # via matplotlib
    # via tensorboardx
    # via wandb
pandas==2.3.0
    # via seaborn
pillow==11.2.1
    # via brax
    # via imageio
    # via matplotlib
platformdirs==4.3.8
    # via wandb
protobuf==6.31.1
    # via dm-control
    # via orbax-checkpoint
    # via tensorboardx
    # via wandb
psutil==7.0.0
    # via wandb
pydantic==2.11.7
    # via wandb
pydantic-core==2.33.2
    # via pydantic
pygments==2.19.1
    # via rich
pyopengl==3.1.9
    # via dm-control
    # via mujoco
pyparsing==3.2.3
    # via dm-control
    # via matplotlib
python-dateutil==2.9.0.post0
    # via matplotlib
    # via pandas
pytz==2025.2
    # via pandas
pyyaml==6.0.2
    # via flax
    # via ml-collections
    # via omegaconf
    # via orbax-checkpoint
    # via wandb
requests==2.32.4
    # via dm-control
    # via wandb
rich==14.0.0
    # via flax
scipy==1.15.3
    # via brax
    # via dm-control
    # via jax
    # via jaxlib
    # via jaxopt
    # via mujoco-mjx
seaborn==0.13.2
    # via gymnax
sentry-sdk==2.30.0
    # via wandb
setproctitle==1.3.6
    # via wandb
simplejson==3.20.1
    # via orbax-checkpoint
six==1.17.0
    # via python-dateutil
    # via tensorflow-probability
smmap==5.0.2
    # via gitdb
tensorboardx==2.6.4
    # via brax
tensorflow-probability==0.25.0
    # via distrax
tensorstore==0.1.75
    # via flax
    # via orbax-checkpoint
toolz==1.0.0
    # via chex
tqdm==4.67.1
    # via dm-control
    # via mad-td
treescope==0.1.9
    # via flax
trimesh==4.6.12
    # via brax
    # via mujoco-mjx
typing-extensions==4.14.0
    # via brax
    # via chex
    # via etils
    # via flax
    # via gymnasium
    # via orbax-checkpoint
    # via pydantic
    # via pydantic-core
    # via typing-inspection
    # via wandb
typing-inspection==0.4.1
    # via pydantic
tzdata==2025.2
    # via pandas
urllib3==2.4.0
    # via requests
    # via sentry-sdk
wandb==0.20.1
    # via mad-td
werkzeug==3.1.3
    # via flask
    # via flask-cors
wrapt==1.17.2
    # via dm-tree
zipp==3.23.0
    # via etils
setuptools==80.9.0
    # via chex
    # via distrax
    # via dm-control
    # via labmaze
